Microsoft Visual Studio Solution File, Format Version 11.00
# Visual Studio 2010
Project("{FAE04EC0-301F-11D3-BF4B-00C04F79EFBC}") = "TestFixture", "TestFixture\TestFixture.csproj", "{2E9EAB60-5993-48EA-ABEC-2D5F0F824911}"
EndProject
Project("{FAE04EC0-301F-11D3-BF4B-00C04F79EFBC}") = "MockObjectsGenerator", "MockGeneratorCS\MockObjectsGenerator.csproj", "{E7EE81E7-6763-4240-9CF2-842A07DC6923}"
EndProject
Global
	GlobalSection(SolutionConfigurationPlatforms) = preSolution
		Debug|Any CPU = Debug|Any CPU
		Release|Any CPU = Release|Any CPU
	EndGlobalSection
	GlobalSection(ProjectConfigurationPlatforms) = postSolution
		{2E9EAB60-5993-48EA-ABEC-2D5F0F824911}.Debug|Any CPU.ActiveCfg = Debug|Any CPU
		{2E9EAB60-5993-48EA-ABEC-2D5F0F824911}.Debug|Any CPU.Build.0 = Debug|Any CPU
		{2E9EAB60-5993-48EA-ABEC-2D5F0F824911}.Release|Any CPU.ActiveCfg = Release|Any CPU
		{2E9EAB60-5993-48EA-ABEC-2D5F0F824911}.Release|Any CPU.Build.0 = Release|Any CPU
		{E7EE81E7-6763-4240-9CF2-842A07DC6923}.Debug|Any CPU.ActiveCfg = Debug|Any CPU
		{E7EE81E7-6763-4240-9CF2-842A07DC6923}.Debug|Any CPU.Build.0 = Debug|Any CPU
		{E7EE81E7-6763-4240-9CF2-842A07DC6923}.Release|Any CPU.ActiveCfg = Release|Any CPU
		{E7EE81E7-6763-4240-9CF2-842A07DC6923}.Release|Any CPU.Build.0 = Release|Any CPU
	EndGlobalSection
	GlobalSection(SolutionProperties) = preSolution
		HideSolutionNode = FALSE
	EndGlobalSection
EndGlobal
