Microsoft Visual Studio Solution File, Format Version 8.00
Project("{FAE04EC0-301F-11D3-BF4B-00C04F79EFBC}") = "TestBasicMath", "TestBasicMath.csproj", "{07ACC488-B67B-443D-9317-4AF97B03448A}"
	ProjectSection(ProjectDependencies) = postProject
	EndProjectSection
EndProject
Global
	GlobalSection(SolutionConfiguration) = preSolution
		Debug = Debug
		Release = Release
	EndGlobalSection
	GlobalSection(ProjectConfiguration) = postSolution
		{07ACC488-B67B-443D-9317-4AF97B03448A}.Debug.ActiveCfg = Debug|.NET
		{07ACC488-B67B-443D-9317-4AF97B03448A}.Debug.Build.0 = Debug|.NET
		{07ACC488-B67B-443D-9317-4AF97B03448A}.Release.ActiveCfg = Release|.NET
		{07ACC488-B67B-443D-9317-4AF97B03448A}.Release.Build.0 = Release|.NET
	EndGlobalSection
	GlobalSection(ExtensibilityGlobals) = postSolution
	EndGlobalSection
	GlobalSection(ExtensibilityAddIns) = postSolution
	EndGlobalSection
EndGlobal
